
Microsoft Visual Studio Solution File, Format Version 12.00
# Visual Studio 2013
VisualStudioVersion = 12.0.30501.0
MinimumVisualStudioVersion = 10.0.40219.1
Project("{FAE04EC0-301F-11D3-BF4B-00C04F79EFBC}") = "Core.Cmn", "Core.Cmn\Core.Cmn.csproj", "{90DE1166-279D-47DB-89BE-70EC7FD78EDD}"
EndProject
Project("{FAE04EC0-301F-11D3-BF4B-00C04F79EFBC}") = "Core.Mvc", "Core.Mvc\Core.Mvc.csproj", "{A1D94026-1A00-45F5-9E6C-A4FFE687F3D3}"
	ProjectSection(ProjectDependencies) = postProject
		{5E1ABF1A-F15A-4BFB-97BE-19BE2C209390} = {5E1ABF1A-F15A-4BFB-97BE-19BE2C209390}
		{90DE1166-279D-47DB-89BE-70EC7FD78EDD} = {90DE1166-279D-47DB-89BE-70EC7FD78EDD}
	EndProjectSection
EndProject
Project("{FAE04EC0-301F-11D3-BF4B-00C04F79EFBC}") = "Core.Ef", "Core.Ef\Core.Ef.csproj", "{4E94F9DF-3EFC-4800-B011-3261A3465B83}"
EndProject
Project("{FAE04EC0-301F-11D3-BF4B-00C04F79EFBC}") = "Core.Model", "Core.Model\Core.Model.csproj", "{5E1ABF1A-F15A-4BFB-97BE-19BE2C209390}"
	ProjectSection(ProjectDependencies) = postProject
		{90DE1166-279D-47DB-89BE-70EC7FD78EDD} = {90DE1166-279D-47DB-89BE-70EC7FD78EDD}
	EndProjectSection
EndProject
Project("{FAE04EC0-301F-11D3-BF4B-00C04F79EFBC}") = "Core.Report", "Core.Report\Core.Report.csproj", "{BDE17741-02D7-44AD-AE1E-41188E9E0CC8}"
EndProject
Project("{FAE04EC0-301F-11D3-BF4B-00C04F79EFBC}") = "Core.Repository", "Core.Repository\Core.Repository.csproj", "{20452001-A55E-406E-BBD3-17FCAB5741D8}"
EndProject
Project("{FAE04EC0-301F-11D3-BF4B-00C04F79EFBC}") = "Core.Service", "Core.Service\Core.Service.csproj", "{6E3E1DB8-77C4-43BE-B638-DC7B2D71FCCA}"
EndProject
Project("{FAE04EC0-301F-11D3-BF4B-00C04F79EFBC}") = "Core.Resources", "Core.Resources\Core.Resources.csproj", "{74F7175D-10A9-4F0C-BD3E-F5AB9CBC0B4E}"
EndProject
Global
	GlobalSection(SolutionConfigurationPlatforms) = preSolution
		Debug|Any CPU = Debug|Any CPU
		Release|Any CPU = Release|Any CPU
	EndGlobalSection
	GlobalSection(ProjectConfigurationPlatforms) = postSolution
		{90DE1166-279D-47DB-89BE-70EC7FD78EDD}.Debug|Any CPU.ActiveCfg = Debug|Any CPU
		{90DE1166-279D-47DB-89BE-70EC7FD78EDD}.Release|Any CPU.ActiveCfg = Release|Any CPU
		{90DE1166-279D-47DB-89BE-70EC7FD78EDD}.Release|Any CPU.Build.0 = Release|Any CPU
		{A1D94026-1A00-45F5-9E6C-A4FFE687F3D3}.Debug|Any CPU.ActiveCfg = Debug|Any CPU
		{A1D94026-1A00-45F5-9E6C-A4FFE687F3D3}.Release|Any CPU.ActiveCfg = Release|Any CPU
		{A1D94026-1A00-45F5-9E6C-A4FFE687F3D3}.Release|Any CPU.Build.0 = Release|Any CPU
		{4E94F9DF-3EFC-4800-B011-3261A3465B83}.Debug|Any CPU.ActiveCfg = Debug|Any CPU
		{4E94F9DF-3EFC-4800-B011-3261A3465B83}.Release|Any CPU.ActiveCfg = Release|Any CPU
		{4E94F9DF-3EFC-4800-B011-3261A3465B83}.Release|Any CPU.Build.0 = Release|Any CPU
		{5E1ABF1A-F15A-4BFB-97BE-19BE2C209390}.Debug|Any CPU.ActiveCfg = Debug|Any CPU
		{5E1ABF1A-F15A-4BFB-97BE-19BE2C209390}.Release|Any CPU.ActiveCfg = Release|Any CPU
		{5E1ABF1A-F15A-4BFB-97BE-19BE2C209390}.Release|Any CPU.Build.0 = Release|Any CPU
		{BDE17741-02D7-44AD-AE1E-41188E9E0CC8}.Debug|Any CPU.ActiveCfg = Debug|Any CPU
		{BDE17741-02D7-44AD-AE1E-41188E9E0CC8}.Release|Any CPU.ActiveCfg = Release|Any CPU
		{BDE17741-02D7-44AD-AE1E-41188E9E0CC8}.Release|Any CPU.Build.0 = Release|Any CPU
		{20452001-A55E-406E-BBD3-17FCAB5741D8}.Debug|Any CPU.ActiveCfg = Debug|Any CPU
		{20452001-A55E-406E-BBD3-17FCAB5741D8}.Release|Any CPU.ActiveCfg = Release|Any CPU
		{20452001-A55E-406E-BBD3-17FCAB5741D8}.Release|Any CPU.Build.0 = Release|Any CPU
		{6E3E1DB8-77C4-43BE-B638-DC7B2D71FCCA}.Debug|Any CPU.ActiveCfg = Debug|Any CPU
		{6E3E1DB8-77C4-43BE-B638-DC7B2D71FCCA}.Release|Any CPU.ActiveCfg = Release|Any CPU
		{6E3E1DB8-77C4-43BE-B638-DC7B2D71FCCA}.Release|Any CPU.Build.0 = Release|Any CPU
		{74F7175D-10A9-4F0C-BD3E-F5AB9CBC0B4E}.Debug|Any CPU.ActiveCfg = Debug|Any CPU
		{74F7175D-10A9-4F0C-BD3E-F5AB9CBC0B4E}.Release|Any CPU.ActiveCfg = Release|Any CPU
		{74F7175D-10A9-4F0C-BD3E-F5AB9CBC0B4E}.Release|Any CPU.Build.0 = Release|Any CPU
	EndGlobalSection
	GlobalSection(SolutionProperties) = preSolution
		HideSolutionNode = FALSE
	EndGlobalSection
EndGlobal
